
Microsoft Visual Studio Solution File, Format Version 12.00
# Visual Studio Version 17
VisualStudioVersion = 17.14.36310.24 d17.14
MinimumVisualStudioVersion = 10.0.40219.1
Project("{FAE04EC0-301F-11D3-BF4B-00C04F79EFBC}") = "projekt_avalonia_pruefung_master", "projekt_avalonia_pruefung_master.csproj", "{2818407E-4FE7-EA45-81A7-BB68808D837D}"
EndProject
Project("{FAE04EC0-301F-11D3-BF4B-00C04F79EFBC}") = "projekt_avalonia_pruefung_master.Desktop", "..\projekt_avalonia_pruefung_master.Desktop\projekt_avalonia_pruefung_master.Desktop.csproj", "{78E58992-3C45-D8C5-B333-5D32A7072F17}"
EndProject
Global
	GlobalSection(SolutionConfigurationPlatforms) = preSolution
		Debug|Any CPU = Debug|Any CPU
		Release|Any CPU = Release|Any CPU
	EndGlobalSection
	GlobalSection(ProjectConfigurationPlatforms) = postSolution
		{2818407E-4FE7-EA45-81A7-BB68808D837D}.Debug|Any CPU.ActiveCfg = Debug|Any CPU
		{2818407E-4FE7-EA45-81A7-BB68808D837D}.Debug|Any CPU.Build.0 = Debug|Any CPU
		{2818407E-4FE7-EA45-81A7-BB68808D837D}.Release|Any CPU.ActiveCfg = Release|Any CPU
		{2818407E-4FE7-EA45-81A7-BB68808D837D}.Release|Any CPU.Build.0 = Release|Any CPU
		{78E58992-3C45-D8C5-B333-5D32A7072F17}.Debug|Any CPU.ActiveCfg = Debug|Any CPU
		{78E58992-3C45-D8C5-B333-5D32A7072F17}.Debug|Any CPU.Build.0 = Debug|Any CPU
		{78E58992-3C45-D8C5-B333-5D32A7072F17}.Release|Any CPU.ActiveCfg = Release|Any CPU
		{78E58992-3C45-D8C5-B333-5D32A7072F17}.Release|Any CPU.Build.0 = Release|Any CPU
	EndGlobalSection
	GlobalSection(SolutionProperties) = preSolution
		HideSolutionNode = FALSE
	EndGlobalSection
	GlobalSection(ExtensibilityGlobals) = postSolution
		SolutionGuid = {ECFC5462-BB62-4AC8-9A20-9BB15F109F75}
	EndGlobalSection
EndGlobal
